
Microsoft Visual Studio Solution File, Format Version 12.00
# Visual Studio Version 16
Project("{8BC9CEB8-8B4A-11D0-8D11-00A0C91BC942}") = "ALL_BUILD", "ALL_BUILD.vcxproj", "{3AF16838-110C-3E88-BD69-A15C1759F66E}"
	ProjectSection(ProjectDependencies) = postProject
		{B584D885-F4E3-3C53-87CE-DB7650C6F37C} = {B584D885-F4E3-3C53-87CE-DB7650C6F37C}
		{DBF2F168-6899-38B9-84E7-4811A2A78621} = {DBF2F168-6899-38B9-84E7-4811A2A78621}
	EndProjectSection
EndProject
Project("{8BC9CEB8-8B4A-11D0-8D11-00A0C91BC942}") = "INSTALL", "INSTALL.vcxproj", "{185651F9-E26D-389F-B64E-9FE4600D06F3}"
	ProjectSection(ProjectDependencies) = postProject
		{3AF16838-110C-3E88-BD69-A15C1759F66E} = {3AF16838-110C-3E88-BD69-A15C1759F66E}
		{B584D885-F4E3-3C53-87CE-DB7650C6F37C} = {B584D885-F4E3-3C53-87CE-DB7650C6F37C}
	EndProjectSection
EndProject
Project("{8BC9CEB8-8B4A-11D0-8D11-00A0C91BC942}") = "PACKAGE", "PACKAGE.vcxproj", "{C9AFA89F-6918-3A24-83C1-29F1DA0B0EA4}"
	ProjectSection(ProjectDependencies) = postProject
		{3AF16838-110C-3E88-BD69-A15C1759F66E} = {3AF16838-110C-3E88-BD69-A15C1759F66E}
		{B584D885-F4E3-3C53-87CE-DB7650C6F37C} = {B584D885-F4E3-3C53-87CE-DB7650C6F37C}
	EndProjectSection
EndProject
Project("{8BC9CEB8-8B4A-11D0-8D11-00A0C91BC942}") = "RUN_TESTS", "RUN_TESTS.vcxproj", "{02C35708-19D9-34D6-BA7F-709303C8481E}"
	ProjectSection(ProjectDependencies) = postProject
		{B584D885-F4E3-3C53-87CE-DB7650C6F37C} = {B584D885-F4E3-3C53-87CE-DB7650C6F37C}
	EndProjectSection
EndProject
Project("{8BC9CEB8-8B4A-11D0-8D11-00A0C91BC942}") = "ZERO_CHECK", "..\\ZERO_CHECK.vcxproj", "{B584D885-F4E3-3C53-87CE-DB7650C6F37C}"
	ProjectSection(ProjectDependencies) = postProject
	EndProjectSection
EndProject
Project("{8BC9CEB8-8B4A-11D0-8D11-00A0C91BC942}") = "zlib", "zlib.vcxproj", "{DBF2F168-6899-38B9-84E7-4811A2A78621}"
	ProjectSection(ProjectDependencies) = postProject
		{B584D885-F4E3-3C53-87CE-DB7650C6F37C} = {B584D885-F4E3-3C53-87CE-DB7650C6F37C}
	EndProjectSection
EndProject
Global
	GlobalSection(SolutionConfigurationPlatforms) = preSolution
		Debug|x64 = Debug|x64
		Release|x64 = Release|x64
		MinSizeRel|x64 = MinSizeRel|x64
		RelWithDebInfo|x64 = RelWithDebInfo|x64
	EndGlobalSection
	GlobalSection(ProjectConfigurationPlatforms) = postSolution
		{3AF16838-110C-3E88-BD69-A15C1759F66E}.Debug|x64.ActiveCfg = Debug|x64
		{3AF16838-110C-3E88-BD69-A15C1759F66E}.Debug|x64.Build.0 = Debug|x64
		{3AF16838-110C-3E88-BD69-A15C1759F66E}.Release|x64.ActiveCfg = Release|x64
		{3AF16838-110C-3E88-BD69-A15C1759F66E}.Release|x64.Build.0 = Release|x64
		{3AF16838-110C-3E88-BD69-A15C1759F66E}.MinSizeRel|x64.ActiveCfg = MinSizeRel|x64
		{3AF16838-110C-3E88-BD69-A15C1759F66E}.MinSizeRel|x64.Build.0 = MinSizeRel|x64
		{3AF16838-110C-3E88-BD69-A15C1759F66E}.RelWithDebInfo|x64.ActiveCfg = RelWithDebInfo|x64
		{3AF16838-110C-3E88-BD69-A15C1759F66E}.RelWithDebInfo|x64.Build.0 = RelWithDebInfo|x64
		{185651F9-E26D-389F-B64E-9FE4600D06F3}.Debug|x64.ActiveCfg = Debug|x64
		{185651F9-E26D-389F-B64E-9FE4600D06F3}.Release|x64.ActiveCfg = Release|x64
		{185651F9-E26D-389F-B64E-9FE4600D06F3}.MinSizeRel|x64.ActiveCfg = MinSizeRel|x64
		{185651F9-E26D-389F-B64E-9FE4600D06F3}.RelWithDebInfo|x64.ActiveCfg = RelWithDebInfo|x64
		{C9AFA89F-6918-3A24-83C1-29F1DA0B0EA4}.Debug|x64.ActiveCfg = Debug|x64
		{C9AFA89F-6918-3A24-83C1-29F1DA0B0EA4}.Release|x64.ActiveCfg = Release|x64
		{C9AFA89F-6918-3A24-83C1-29F1DA0B0EA4}.MinSizeRel|x64.ActiveCfg = MinSizeRel|x64
		{C9AFA89F-6918-3A24-83C1-29F1DA0B0EA4}.RelWithDebInfo|x64.ActiveCfg = RelWithDebInfo|x64
		{02C35708-19D9-34D6-BA7F-709303C8481E}.Debug|x64.ActiveCfg = Debug|x64
		{02C35708-19D9-34D6-BA7F-709303C8481E}.Release|x64.ActiveCfg = Release|x64
		{02C35708-19D9-34D6-BA7F-709303C8481E}.MinSizeRel|x64.ActiveCfg = MinSizeRel|x64
		{02C35708-19D9-34D6-BA7F-709303C8481E}.RelWithDebInfo|x64.ActiveCfg = RelWithDebInfo|x64
		{B584D885-F4E3-3C53-87CE-DB7650C6F37C}.Debug|x64.ActiveCfg = Debug|x64
		{B584D885-F4E3-3C53-87CE-DB7650C6F37C}.Debug|x64.Build.0 = Debug|x64
		{B584D885-F4E3-3C53-87CE-DB7650C6F37C}.Release|x64.ActiveCfg = Release|x64
		{B584D885-F4E3-3C53-87CE-DB7650C6F37C}.Release|x64.Build.0 = Release|x64
		{B584D885-F4E3-3C53-87CE-DB7650C6F37C}.MinSizeRel|x64.ActiveCfg = MinSizeRel|x64
		{B584D885-F4E3-3C53-87CE-DB7650C6F37C}.MinSizeRel|x64.Build.0 = MinSizeRel|x64
		{B584D885-F4E3-3C53-87CE-DB7650C6F37C}.RelWithDebInfo|x64.ActiveCfg = RelWithDebInfo|x64
		{B584D885-F4E3-3C53-87CE-DB7650C6F37C}.RelWithDebInfo|x64.Build.0 = RelWithDebInfo|x64
		{DBF2F168-6899-38B9-84E7-4811A2A78621}.Debug|x64.ActiveCfg = Debug|x64
		{DBF2F168-6899-38B9-84E7-4811A2A78621}.Debug|x64.Build.0 = Debug|x64
		{DBF2F168-6899-38B9-84E7-4811A2A78621}.Release|x64.ActiveCfg = Release|x64
		{DBF2F168-6899-38B9-84E7-4811A2A78621}.Release|x64.Build.0 = Release|x64
		{DBF2F168-6899-38B9-84E7-4811A2A78621}.MinSizeRel|x64.ActiveCfg = MinSizeRel|x64
		{DBF2F168-6899-38B9-84E7-4811A2A78621}.MinSizeRel|x64.Build.0 = MinSizeRel|x64
		{DBF2F168-6899-38B9-84E7-4811A2A78621}.RelWithDebInfo|x64.ActiveCfg = RelWithDebInfo|x64
		{DBF2F168-6899-38B9-84E7-4811A2A78621}.RelWithDebInfo|x64.Build.0 = RelWithDebInfo|x64
	EndGlobalSection
	GlobalSection(ExtensibilityGlobals) = postSolution
		SolutionGuid = {04E85E83-1A56-379C-B282-8EBC171CC418}
	EndGlobalSection
	GlobalSection(ExtensibilityAddIns) = postSolution
	EndGlobalSection
EndGlobal
