<?xml version="1.0" encoding="utf-8"?>
<Project ToolsVersion="16.0" xmlns="http://schemas.microsoft.com/developer/msbuild/2003">
  <ItemGroup>
    <ClCompile Include="E:\mysql\mysql-5.7.33\rapid\plugin\x\mysqlxtest_src\common\utils_mysql_parsing.cc">
      <Filter>Source Files</Filter>
    </ClCompile>
    <ClCompile Include="E:\mysql\mysql-5.7.33\rapid\plugin\x\mysqlxtest_src\common\utils_string_parsing.cc">
      <Filter>Source Files</Filter>
    </ClCompile>
    <ClCompile Include="E:\mysql\mysql-5.7.33\rapid\plugin\x\mysqlxtest_src\message_formatter.cc">
      <Filter>Source Files</Filter>
    </ClCompile>
    <ClCompile Include="E:\mysql\mysql-5.7.33\rapid\plugin\x\mysqlxtest_src\mysql41_hash.cc">
      <Filter>Source Files</Filter>
    </ClCompile>
    <ClCompile Include="E:\mysql\mysql-5.7.33\rapid\plugin\x\mysqlxtest_src\mysqlx_charset.cc">
      <Filter>Source Files</Filter>
    </ClCompile>
    <ClCompile Include="E:\mysql\mysql-5.7.33\rapid\plugin\x\mysqlxtest_src\mysqlx_connection.cc">
      <Filter>Source Files</Filter>
    </ClCompile>
    <ClCompile Include="E:\mysql\mysql-5.7.33\rapid\plugin\x\mysqlxtest_src\mysqlx_protocol.cc">
      <Filter>Source Files</Filter>
    </ClCompile>
    <ClCompile Include="E:\mysql\mysql-5.7.33\rapid\plugin\x\mysqlxtest_src\mysqlx_resultset.cc">
      <Filter>Source Files</Filter>
    </ClCompile>
    <ClCompile Include="E:\mysql\mysql-5.7.33\rapid\plugin\x\mysqlxtest_src\mysqlx_row.cc">
      <Filter>Source Files</Filter>
    </ClCompile>
    <ClCompile Include="E:\mysql\mysql-5.7.33\rapid\plugin\x\mysqlxtest_src\mysqlx_session.cc">
      <Filter>Source Files</Filter>
    </ClCompile>
    <ClCompile Include="E:\mysql\mysql-5.7.33\rapid\plugin\x\mysqlxtest_src\mysqlxtest.cc">
      <Filter>Source Files</Filter>
    </ClCompile>
    <ClCompile Include="E:\mysql\mysql-5.7.33\rapid\plugin\x\mysqlxtest_src\mysqlxtest_error_names.cc">
      <Filter>Source Files</Filter>
    </ClCompile>
    <ClCompile Include="E:\mysql\mysql-5.7.33\rapid\plugin\x\mysqlxtest_src\password_hasher.cc">
      <Filter>Source Files</Filter>
    </ClCompile>
    <ClCompile Include="E:\mysql\mysql-5.7.33\rapid\plugin\x\ngs\src\protocol_authentication.cc">
      <Filter>Source Files</Filter>
    </ClCompile>
    <ClCompile Include="E:\mysql\win\rapid\plugin\x\generated\protobuf\mysqlx.pb.cc">
      <Filter>Source Files</Filter>
    </ClCompile>
    <ClCompile Include="E:\mysql\win\rapid\plugin\x\generated\protobuf\mysqlx_datatypes.pb.cc">
      <Filter>Source Files</Filter>
    </ClCompile>
    <ClCompile Include="E:\mysql\win\rapid\plugin\x\generated\protobuf\mysqlx_connection.pb.cc">
      <Filter>Source Files</Filter>
    </ClCompile>
    <ClCompile Include="E:\mysql\win\rapid\plugin\x\generated\protobuf\mysqlx_expect.pb.cc">
      <Filter>Source Files</Filter>
    </ClCompile>
    <ClCompile Include="E:\mysql\win\rapid\plugin\x\generated\protobuf\mysqlx_expr.pb.cc">
      <Filter>Source Files</Filter>
    </ClCompile>
    <ClCompile Include="E:\mysql\win\rapid\plugin\x\generated\protobuf\mysqlx_crud.pb.cc">
      <Filter>Source Files</Filter>
    </ClCompile>
    <ClCompile Include="E:\mysql\win\rapid\plugin\x\generated\protobuf\mysqlx_sql.pb.cc">
      <Filter>Source Files</Filter>
    </ClCompile>
    <ClCompile Include="E:\mysql\win\rapid\plugin\x\generated\protobuf\mysqlx_session.pb.cc">
      <Filter>Source Files</Filter>
    </ClCompile>
    <ClCompile Include="E:\mysql\win\rapid\plugin\x\generated\protobuf\mysqlx_notice.pb.cc">
      <Filter>Source Files</Filter>
    </ClCompile>
    <ClCompile Include="E:\mysql\win\rapid\plugin\x\generated\protobuf\mysqlx_resultset.pb.cc">
      <Filter>Source Files</Filter>
    </ClCompile>
  </ItemGroup>
  <ItemGroup>
    <CustomBuild Include="E:\mysql\win\CMakeFiles\76b3245139ff2c4a275e0dd1c5c2a744\mysqlx.pb.cc.rule">
      <Filter>CMake Rules</Filter>
    </CustomBuild>
    <CustomBuild Include="E:\mysql\win\CMakeFiles\76b3245139ff2c4a275e0dd1c5c2a744\mysqlx_datatypes.pb.cc.rule">
      <Filter>CMake Rules</Filter>
    </CustomBuild>
    <CustomBuild Include="E:\mysql\win\CMakeFiles\76b3245139ff2c4a275e0dd1c5c2a744\mysqlx_connection.pb.cc.rule">
      <Filter>CMake Rules</Filter>
    </CustomBuild>
    <CustomBuild Include="E:\mysql\win\CMakeFiles\76b3245139ff2c4a275e0dd1c5c2a744\mysqlx_expect.pb.cc.rule">
      <Filter>CMake Rules</Filter>
    </CustomBuild>
    <CustomBuild Include="E:\mysql\win\CMakeFiles\76b3245139ff2c4a275e0dd1c5c2a744\mysqlx_expr.pb.cc.rule">
      <Filter>CMake Rules</Filter>
    </CustomBuild>
    <CustomBuild Include="E:\mysql\win\CMakeFiles\76b3245139ff2c4a275e0dd1c5c2a744\mysqlx_crud.pb.cc.rule">
      <Filter>CMake Rules</Filter>
    </CustomBuild>
    <CustomBuild Include="E:\mysql\win\CMakeFiles\76b3245139ff2c4a275e0dd1c5c2a744\mysqlx_sql.pb.cc.rule">
      <Filter>CMake Rules</Filter>
    </CustomBuild>
    <CustomBuild Include="E:\mysql\win\CMakeFiles\76b3245139ff2c4a275e0dd1c5c2a744\mysqlx_session.pb.cc.rule">
      <Filter>CMake Rules</Filter>
    </CustomBuild>
    <CustomBuild Include="E:\mysql\win\CMakeFiles\76b3245139ff2c4a275e0dd1c5c2a744\mysqlx_notice.pb.cc.rule">
      <Filter>CMake Rules</Filter>
    </CustomBuild>
    <CustomBuild Include="E:\mysql\win\CMakeFiles\76b3245139ff2c4a275e0dd1c5c2a744\mysqlx_resultset.pb.cc.rule">
      <Filter>CMake Rules</Filter>
    </CustomBuild>
    <CustomBuild Include="E:\mysql\mysql-5.7.33\rapid\plugin\x\CMakeLists.txt" />
  </ItemGroup>
  <ItemGroup>
    <ResourceCompile Include="E:\mysql\win\versioninfo_exe.rc">
      <Filter>Source Files</Filter>
    </ResourceCompile>
  </ItemGroup>
  <ItemGroup>
    <Filter Include="CMake Rules">
      <UniqueIdentifier>{02E1C3A9-D35B-39DD-A407-43464815AC39}</UniqueIdentifier>
    </Filter>
    <Filter Include="Source Files">
      <UniqueIdentifier>{DBC9E969-B080-3702-8F2F-24E894CA22A5}</UniqueIdentifier>
    </Filter>
  </ItemGroup>
</Project>
