<?xml version="1.0" encoding="utf-8"?>
<Project ToolsVersion="16.0" xmlns="http://schemas.microsoft.com/developer/msbuild/2003">
  <ItemGroup>
    <ClCompile Include="E:\mysql\win\sql\sql_yacc.cc">
      <Filter>Source Files</Filter>
    </ClCompile>
    <ClCompile Include="E:\mysql\win\sql\sql_hints.yy.cc">
      <Filter>Source Files</Filter>
    </ClCompile>
    <ClCompile Include="E:\mysql\win\sql\sql_builtin.cc">
      <Filter>Source Files</Filter>
    </ClCompile>
    <ClCompile Include="E:\mysql\mysql-5.7.33\sql\abstract_query_plan.cc">
      <Filter>Source Files</Filter>
    </ClCompile>
    <ClCompile Include="E:\mysql\mysql-5.7.33\sql\auth\sql_authentication.cc">
      <Filter>Source Files</Filter>
    </ClCompile>
    <ClCompile Include="E:\mysql\mysql-5.7.33\sql\auth\sql_auth_cache.cc">
      <Filter>Source Files</Filter>
    </ClCompile>
    <ClCompile Include="E:\mysql\mysql-5.7.33\sql\auth\sql_authorization.cc">
      <Filter>Source Files</Filter>
    </ClCompile>
    <ClCompile Include="E:\mysql\mysql-5.7.33\sql\auth\sql_user_table.cc">
      <Filter>Source Files</Filter>
    </ClCompile>
    <ClCompile Include="E:\mysql\mysql-5.7.33\sql\auth\sql_user.cc">
      <Filter>Source Files</Filter>
    </ClCompile>
    <ClCompile Include="E:\mysql\mysql-5.7.33\sql\auth\password.c">
      <Filter>Source Files</Filter>
    </ClCompile>
    <ClCompile Include="E:\mysql\mysql-5.7.33\sql\auth\password_policy_service.cc">
      <Filter>Source Files</Filter>
    </ClCompile>
    <ClCompile Include="E:\mysql\mysql-5.7.33\sql\auth\sql_security_ctx.cc">
      <Filter>Source Files</Filter>
    </ClCompile>
    <ClCompile Include="E:\mysql\mysql-5.7.33\sql\auth\service_security_context.cc">
      <Filter>Source Files</Filter>
    </ClCompile>
    <ClCompile Include="E:\mysql\mysql-5.7.33\sql\keyring_service.cc">
      <Filter>Source Files</Filter>
    </ClCompile>
    <ClCompile Include="E:\mysql\mysql-5.7.33\sql\ssl_wrapper_service.cc">
      <Filter>Source Files</Filter>
    </ClCompile>
    <ClCompile Include="E:\mysql\mysql-5.7.33\sql\bootstrap.cc">
      <Filter>Source Files</Filter>
    </ClCompile>
    <ClCompile Include="E:\mysql\mysql-5.7.33\sql\conn_handler\connection_handler_manager.cc">
      <Filter>Source Files</Filter>
    </ClCompile>
    <ClCompile Include="E:\mysql\mysql-5.7.33\sql\datadict.cc">
      <Filter>Source Files</Filter>
    </ClCompile>
    <ClCompile Include="E:\mysql\mysql-5.7.33\sql\debug_sync.cc">
      <Filter>Source Files</Filter>
    </ClCompile>
    <ClCompile Include="E:\mysql\mysql-5.7.33\sql\derror.cc">
      <Filter>Source Files</Filter>
    </ClCompile>
    <ClCompile Include="E:\mysql\mysql-5.7.33\sql\discover.cc">
      <Filter>Source Files</Filter>
    </ClCompile>
    <ClCompile Include="E:\mysql\mysql-5.7.33\sql\field.cc">
      <Filter>Source Files</Filter>
    </ClCompile>
    <ClCompile Include="E:\mysql\mysql-5.7.33\sql\field_conv.cc">
      <Filter>Source Files</Filter>
    </ClCompile>
    <ClCompile Include="E:\mysql\mysql-5.7.33\sql\filesort.cc">
      <Filter>Source Files</Filter>
    </ClCompile>
    <ClCompile Include="E:\mysql\mysql-5.7.33\sql\filesort_utils.cc">
      <Filter>Source Files</Filter>
    </ClCompile>
    <ClCompile Include="E:\mysql\mysql-5.7.33\sql\aggregate_check.cc">
      <Filter>Source Files</Filter>
    </ClCompile>
    <ClCompile Include="E:\mysql\mysql-5.7.33\sql\geometry_rtree.cc">
      <Filter>Source Files</Filter>
    </ClCompile>
    <ClCompile Include="E:\mysql\mysql-5.7.33\sql\gstream.cc">
      <Filter>Source Files</Filter>
    </ClCompile>
    <ClCompile Include="E:\mysql\mysql-5.7.33\sql\handler.cc">
      <Filter>Source Files</Filter>
    </ClCompile>
    <ClCompile Include="E:\mysql\mysql-5.7.33\sql\hostname.cc">
      <Filter>Source Files</Filter>
    </ClCompile>
    <ClCompile Include="E:\mysql\mysql-5.7.33\sql\init.cc">
      <Filter>Source Files</Filter>
    </ClCompile>
    <ClCompile Include="E:\mysql\mysql-5.7.33\sql\item.cc">
      <Filter>Source Files</Filter>
    </ClCompile>
    <ClCompile Include="E:\mysql\mysql-5.7.33\sql\item_buff.cc">
      <Filter>Source Files</Filter>
    </ClCompile>
    <ClCompile Include="E:\mysql\mysql-5.7.33\sql\item_cmpfunc.cc">
      <Filter>Source Files</Filter>
    </ClCompile>
    <ClCompile Include="E:\mysql\mysql-5.7.33\sql\item_create.cc">
      <Filter>Source Files</Filter>
    </ClCompile>
    <ClCompile Include="E:\mysql\mysql-5.7.33\sql\item_func.cc">
      <Filter>Source Files</Filter>
    </ClCompile>
    <ClCompile Include="E:\mysql\mysql-5.7.33\sql\item_geofunc.cc">
      <Filter>Source Files</Filter>
    </ClCompile>
    <ClCompile Include="E:\mysql\mysql-5.7.33\sql\item_geofunc_buffer.cc">
      <Filter>Source Files</Filter>
    </ClCompile>
    <ClCompile Include="E:\mysql\mysql-5.7.33\sql\item_geofunc_internal.cc">
      <Filter>Source Files</Filter>
    </ClCompile>
    <ClCompile Include="E:\mysql\mysql-5.7.33\sql\item_geofunc_relchecks.cc">
      <Filter>Source Files</Filter>
    </ClCompile>
    <ClCompile Include="E:\mysql\mysql-5.7.33\sql\item_geofunc_relchecks_bgwrap.cc">
      <Filter>Source Files</Filter>
    </ClCompile>
    <ClCompile Include="E:\mysql\mysql-5.7.33\sql\item_geofunc_setops.cc">
      <Filter>Source Files</Filter>
    </ClCompile>
    <ClCompile Include="E:\mysql\mysql-5.7.33\sql\item_json_func.cc">
      <Filter>Source Files</Filter>
    </ClCompile>
    <ClCompile Include="E:\mysql\mysql-5.7.33\sql\item_row.cc">
      <Filter>Source Files</Filter>
    </ClCompile>
    <ClCompile Include="E:\mysql\mysql-5.7.33\sql\item_strfunc.cc">
      <Filter>Source Files</Filter>
    </ClCompile>
    <ClCompile Include="E:\mysql\mysql-5.7.33\sql\item_subselect.cc">
      <Filter>Source Files</Filter>
    </ClCompile>
    <ClCompile Include="E:\mysql\mysql-5.7.33\sql\item_sum.cc">
      <Filter>Source Files</Filter>
    </ClCompile>
    <ClCompile Include="E:\mysql\mysql-5.7.33\sql\item_timefunc.cc">
      <Filter>Source Files</Filter>
    </ClCompile>
    <ClCompile Include="E:\mysql\mysql-5.7.33\sql\item_xmlfunc.cc">
      <Filter>Source Files</Filter>
    </ClCompile>
    <ClCompile Include="E:\mysql\mysql-5.7.33\sql\item_inetfunc.cc">
      <Filter>Source Files</Filter>
    </ClCompile>
    <ClCompile Include="E:\mysql\mysql-5.7.33\sql\json_dom.cc">
      <Filter>Source Files</Filter>
    </ClCompile>
    <ClCompile Include="E:\mysql\mysql-5.7.33\sql\json_binary.cc">
      <Filter>Source Files</Filter>
    </ClCompile>
    <ClCompile Include="E:\mysql\mysql-5.7.33\sql\json_path.cc">
      <Filter>Source Files</Filter>
    </ClCompile>
    <ClCompile Include="E:\mysql\mysql-5.7.33\sql\key.cc">
      <Filter>Source Files</Filter>
    </ClCompile>
    <ClCompile Include="E:\mysql\mysql-5.7.33\sql\keycaches.cc">
      <Filter>Source Files</Filter>
    </ClCompile>
    <ClCompile Include="E:\mysql\mysql-5.7.33\sql\lock.cc">
      <Filter>Source Files</Filter>
    </ClCompile>
    <ClCompile Include="E:\mysql\mysql-5.7.33\sql\locking_service.cc">
      <Filter>Source Files</Filter>
    </ClCompile>
    <ClCompile Include="E:\mysql\mysql-5.7.33\sql\locks\shared_spin_lock.cc">
      <Filter>Source Files</Filter>
    </ClCompile>
    <ClCompile Include="E:\mysql\mysql-5.7.33\sql\log.cc">
      <Filter>Source Files</Filter>
    </ClCompile>
    <ClCompile Include="E:\mysql\mysql-5.7.33\sql\mdl.cc">
      <Filter>Source Files</Filter>
    </ClCompile>
    <ClCompile Include="E:\mysql\mysql-5.7.33\sql\migrate_keyring.cc">
      <Filter>Source Files</Filter>
    </ClCompile>
    <ClCompile Include="E:\mysql\mysql-5.7.33\sql\my_decimal.cc">
      <Filter>Source Files</Filter>
    </ClCompile>
    <ClCompile Include="E:\mysql\mysql-5.7.33\sql\net_serv.cc">
      <Filter>Source Files</Filter>
    </ClCompile>
    <ClCompile Include="E:\mysql\mysql-5.7.33\sql\opt_costconstantcache.cc">
      <Filter>Source Files</Filter>
    </ClCompile>
    <ClCompile Include="E:\mysql\mysql-5.7.33\sql\opt_costconstants.cc">
      <Filter>Source Files</Filter>
    </ClCompile>
    <ClCompile Include="E:\mysql\mysql-5.7.33\sql\opt_costmodel.cc">
      <Filter>Source Files</Filter>
    </ClCompile>
    <ClCompile Include="E:\mysql\mysql-5.7.33\sql\opt_explain.cc">
      <Filter>Source Files</Filter>
    </ClCompile>
    <ClCompile Include="E:\mysql\mysql-5.7.33\sql\opt_explain_traditional.cc">
      <Filter>Source Files</Filter>
    </ClCompile>
    <ClCompile Include="E:\mysql\mysql-5.7.33\sql\opt_explain_json.cc">
      <Filter>Source Files</Filter>
    </ClCompile>
    <ClCompile Include="E:\mysql\mysql-5.7.33\sql\opt_hints.cc">
      <Filter>Source Files</Filter>
    </ClCompile>
    <ClCompile Include="E:\mysql\mysql-5.7.33\sql\opt_range.cc">
      <Filter>Source Files</Filter>
    </ClCompile>
    <ClCompile Include="E:\mysql\mysql-5.7.33\sql\opt_statistics.cc">
      <Filter>Source Files</Filter>
    </ClCompile>
    <ClCompile Include="E:\mysql\mysql-5.7.33\sql\opt_sum.cc">
      <Filter>Source Files</Filter>
    </ClCompile>
    <ClCompile Include="E:\mysql\mysql-5.7.33\sql\opt_trace.cc">
      <Filter>Source Files</Filter>
    </ClCompile>
    <ClCompile Include="E:\mysql\mysql-5.7.33\sql\opt_trace2server.cc">
      <Filter>Source Files</Filter>
    </ClCompile>
    <ClCompile Include="E:\mysql\mysql-5.7.33\sql\parse_file.cc">
      <Filter>Source Files</Filter>
    </ClCompile>
    <ClCompile Include="E:\mysql\mysql-5.7.33\sql\parse_tree_helpers.cc">
      <Filter>Source Files</Filter>
    </ClCompile>
    <ClCompile Include="E:\mysql\mysql-5.7.33\sql\parse_tree_hints.cc">
      <Filter>Source Files</Filter>
    </ClCompile>
    <ClCompile Include="E:\mysql\mysql-5.7.33\sql\parse_tree_items.cc">
      <Filter>Source Files</Filter>
    </ClCompile>
    <ClCompile Include="E:\mysql\mysql-5.7.33\sql\parse_tree_node_base.cc">
      <Filter>Source Files</Filter>
    </ClCompile>
    <ClCompile Include="E:\mysql\mysql-5.7.33\sql\parse_tree_nodes.cc">
      <Filter>Source Files</Filter>
    </ClCompile>
    <ClCompile Include="E:\mysql\mysql-5.7.33\sql\select_lex_visitor.cc">
      <Filter>Source Files</Filter>
    </ClCompile>
    <ClCompile Include="E:\mysql\mysql-5.7.33\sql\parser_service.cc">
      <Filter>Source Files</Filter>
    </ClCompile>
    <ClCompile Include="E:\mysql\mysql-5.7.33\sql\partition_info.cc">
      <Filter>Source Files</Filter>
    </ClCompile>
    <ClCompile Include="E:\mysql\mysql-5.7.33\sql\partitioning\partition_handler.cc">
      <Filter>Source Files</Filter>
    </ClCompile>
    <ClCompile Include="E:\mysql\mysql-5.7.33\sql\procedure.cc">
      <Filter>Source Files</Filter>
    </ClCompile>
    <ClCompile Include="E:\mysql\mysql-5.7.33\sql\protocol_classic.cc">
      <Filter>Source Files</Filter>
    </ClCompile>
    <ClCompile Include="E:\mysql\mysql-5.7.33\sql\records.cc">
      <Filter>Source Files</Filter>
    </ClCompile>
    <ClCompile Include="E:\mysql\mysql-5.7.33\sql\rpl_group_replication.cc">
      <Filter>Source Files</Filter>
    </ClCompile>
    <ClCompile Include="E:\mysql\mysql-5.7.33\sql\rpl_handler.cc">
      <Filter>Source Files</Filter>
    </ClCompile>
    <ClCompile Include="E:\mysql\mysql-5.7.33\sql\rpl_transaction_ctx.cc">
      <Filter>Source Files</Filter>
    </ClCompile>
    <ClCompile Include="E:\mysql\mysql-5.7.33\sql\rpl_transaction_write_set_ctx.cc">
      <Filter>Source Files</Filter>
    </ClCompile>
    <ClCompile Include="E:\mysql\mysql-5.7.33\sql\rpl_trx_tracking.cc">
      <Filter>Source Files</Filter>
    </ClCompile>
    <ClCompile Include="E:\mysql\mysql-5.7.33\sql\rpl_write_set_handler.cc">
      <Filter>Source Files</Filter>
    </ClCompile>
    <ClCompile Include="E:\mysql\mysql-5.7.33\sql\rules_table_service.cc">
      <Filter>Source Files</Filter>
    </ClCompile>
    <ClCompile Include="E:\mysql\mysql-5.7.33\sql\session_tracker.cc">
      <Filter>Source Files</Filter>
    </ClCompile>
    <ClCompile Include="E:\mysql\mysql-5.7.33\sql\set_var.cc">
      <Filter>Source Files</Filter>
    </ClCompile>
    <ClCompile Include="E:\mysql\mysql-5.7.33\sql\sp.cc">
      <Filter>Source Files</Filter>
    </ClCompile>
    <ClCompile Include="E:\mysql\mysql-5.7.33\sql\sp_cache.cc">
      <Filter>Source Files</Filter>
    </ClCompile>
    <ClCompile Include="E:\mysql\mysql-5.7.33\sql\sp_head.cc">
      <Filter>Source Files</Filter>
    </ClCompile>
    <ClCompile Include="E:\mysql\mysql-5.7.33\sql\sp_instr.cc">
      <Filter>Source Files</Filter>
    </ClCompile>
    <ClCompile Include="E:\mysql\mysql-5.7.33\sql\sp_pcontext.cc">
      <Filter>Source Files</Filter>
    </ClCompile>
    <ClCompile Include="E:\mysql\mysql-5.7.33\sql\sp_rcontext.cc">
      <Filter>Source Files</Filter>
    </ClCompile>
    <ClCompile Include="E:\mysql\mysql-5.7.33\sql\spatial.cc">
      <Filter>Source Files</Filter>
    </ClCompile>
    <ClCompile Include="E:\mysql\mysql-5.7.33\sql\string_service.cc">
      <Filter>Source Files</Filter>
    </ClCompile>
    <ClCompile Include="E:\mysql\mysql-5.7.33\sql\sql_admin.cc">
      <Filter>Source Files</Filter>
    </ClCompile>
    <ClCompile Include="E:\mysql\mysql-5.7.33\sql\sql_alloc_error_handler.cc">
      <Filter>Source Files</Filter>
    </ClCompile>
    <ClCompile Include="E:\mysql\mysql-5.7.33\sql\sql_alter.cc">
      <Filter>Source Files</Filter>
    </ClCompile>
    <ClCompile Include="E:\mysql\mysql-5.7.33\sql\sql_alter_instance.cc">
      <Filter>Source Files</Filter>
    </ClCompile>
    <ClCompile Include="E:\mysql\mysql-5.7.33\sql\sql_analyse.cc">
      <Filter>Source Files</Filter>
    </ClCompile>
    <ClCompile Include="E:\mysql\mysql-5.7.33\sql\sql_base.cc">
      <Filter>Source Files</Filter>
    </ClCompile>
    <ClCompile Include="E:\mysql\mysql-5.7.33\sql\sql_bootstrap.cc">
      <Filter>Source Files</Filter>
    </ClCompile>
    <ClCompile Include="E:\mysql\mysql-5.7.33\sql\sql_initialize.cc">
      <Filter>Source Files</Filter>
    </ClCompile>
    <ClCompile Include="E:\mysql\mysql-5.7.33\sql\sql_cache.cc">
      <Filter>Source Files</Filter>
    </ClCompile>
    <ClCompile Include="E:\mysql\mysql-5.7.33\sql\sql_class.cc">
      <Filter>Source Files</Filter>
    </ClCompile>
    <ClCompile Include="E:\mysql\mysql-5.7.33\sql\sql_connect.cc">
      <Filter>Source Files</Filter>
    </ClCompile>
    <ClCompile Include="E:\mysql\mysql-5.7.33\sql\sql_crypt.cc">
      <Filter>Source Files</Filter>
    </ClCompile>
    <ClCompile Include="E:\mysql\mysql-5.7.33\sql\sql_cursor.cc">
      <Filter>Source Files</Filter>
    </ClCompile>
    <ClCompile Include="E:\mysql\mysql-5.7.33\sql\sql_data_change.cc">
      <Filter>Source Files</Filter>
    </ClCompile>
    <ClCompile Include="E:\mysql\mysql-5.7.33\sql\sql_db.cc">
      <Filter>Source Files</Filter>
    </ClCompile>
    <ClCompile Include="E:\mysql\mysql-5.7.33\sql\sql_delete.cc">
      <Filter>Source Files</Filter>
    </ClCompile>
    <ClCompile Include="E:\mysql\mysql-5.7.33\sql\sql_derived.cc">
      <Filter>Source Files</Filter>
    </ClCompile>
    <ClCompile Include="E:\mysql\mysql-5.7.33\sql\sql_digest.cc">
      <Filter>Source Files</Filter>
    </ClCompile>
    <ClCompile Include="E:\mysql\mysql-5.7.33\sql\sql_do.cc">
      <Filter>Source Files</Filter>
    </ClCompile>
    <ClCompile Include="E:\mysql\mysql-5.7.33\sql\sql_error.cc">
      <Filter>Source Files</Filter>
    </ClCompile>
    <ClCompile Include="E:\mysql\mysql-5.7.33\sql\sql_exception_handler.cc">
      <Filter>Source Files</Filter>
    </ClCompile>
    <ClCompile Include="E:\mysql\mysql-5.7.33\sql\sql_executor.cc">
      <Filter>Source Files</Filter>
    </ClCompile>
    <ClCompile Include="E:\mysql\mysql-5.7.33\sql\sql_get_diagnostics.cc">
      <Filter>Source Files</Filter>
    </ClCompile>
    <ClCompile Include="E:\mysql\mysql-5.7.33\sql\sql_handler.cc">
      <Filter>Source Files</Filter>
    </ClCompile>
    <ClCompile Include="E:\mysql\mysql-5.7.33\sql\sql_help.cc">
      <Filter>Source Files</Filter>
    </ClCompile>
    <ClCompile Include="E:\mysql\mysql-5.7.33\sql\sql_insert.cc">
      <Filter>Source Files</Filter>
    </ClCompile>
    <ClCompile Include="E:\mysql\mysql-5.7.33\sql\sql_join_buffer.cc">
      <Filter>Source Files</Filter>
    </ClCompile>
    <ClCompile Include="E:\mysql\mysql-5.7.33\sql\sql_lex.cc">
      <Filter>Source Files</Filter>
    </ClCompile>
    <ClCompile Include="E:\mysql\mysql-5.7.33\sql\sql_lex_hash.cc">
      <Filter>Source Files</Filter>
    </ClCompile>
    <ClCompile Include="E:\mysql\mysql-5.7.33\sql\sql_lex_hints.cc">
      <Filter>Source Files</Filter>
    </ClCompile>
    <ClCompile Include="E:\mysql\mysql-5.7.33\sql\sql_list.cc">
      <Filter>Source Files</Filter>
    </ClCompile>
    <ClCompile Include="E:\mysql\mysql-5.7.33\sql\sql_load.cc">
      <Filter>Source Files</Filter>
    </ClCompile>
    <ClCompile Include="E:\mysql\mysql-5.7.33\sql\sql_locale.cc">
      <Filter>Source Files</Filter>
    </ClCompile>
    <ClCompile Include="E:\mysql\mysql-5.7.33\sql\sql_manager.cc">
      <Filter>Source Files</Filter>
    </ClCompile>
    <ClCompile Include="E:\mysql\mysql-5.7.33\sql\sql_optimizer.cc">
      <Filter>Source Files</Filter>
    </ClCompile>
    <ClCompile Include="E:\mysql\mysql-5.7.33\sql\sql_parse.cc">
      <Filter>Source Files</Filter>
    </ClCompile>
    <ClCompile Include="E:\mysql\mysql-5.7.33\sql\sql_partition.cc">
      <Filter>Source Files</Filter>
    </ClCompile>
    <ClCompile Include="E:\mysql\mysql-5.7.33\sql\sql_partition_admin.cc">
      <Filter>Source Files</Filter>
    </ClCompile>
    <ClCompile Include="E:\mysql\mysql-5.7.33\sql\sql_planner.cc">
      <Filter>Source Files</Filter>
    </ClCompile>
    <ClCompile Include="E:\mysql\mysql-5.7.33\sql\sql_plugin.cc">
      <Filter>Source Files</Filter>
    </ClCompile>
    <ClCompile Include="E:\mysql\mysql-5.7.33\sql\sql_prepare.cc">
      <Filter>Source Files</Filter>
    </ClCompile>
    <ClCompile Include="E:\mysql\mysql-5.7.33\sql\sql_profile.cc">
      <Filter>Source Files</Filter>
    </ClCompile>
    <ClCompile Include="E:\mysql\mysql-5.7.33\sql\sql_query_rewrite.cc">
      <Filter>Source Files</Filter>
    </ClCompile>
    <ClCompile Include="E:\mysql\mysql-5.7.33\sql\sql_reload.cc">
      <Filter>Source Files</Filter>
    </ClCompile>
    <ClCompile Include="E:\mysql\mysql-5.7.33\sql\sql_rename.cc">
      <Filter>Source Files</Filter>
    </ClCompile>
    <ClCompile Include="E:\mysql\mysql-5.7.33\sql\sql_resolver.cc">
      <Filter>Source Files</Filter>
    </ClCompile>
    <ClCompile Include="E:\mysql\mysql-5.7.33\sql\sql_rewrite.cc">
      <Filter>Source Files</Filter>
    </ClCompile>
    <ClCompile Include="E:\mysql\mysql-5.7.33\sql\sql_select.cc">
      <Filter>Source Files</Filter>
    </ClCompile>
    <ClCompile Include="E:\mysql\mysql-5.7.33\sql\sql_servers.cc">
      <Filter>Source Files</Filter>
    </ClCompile>
    <ClCompile Include="E:\mysql\mysql-5.7.33\sql\sql_show.cc">
      <Filter>Source Files</Filter>
    </ClCompile>
    <ClCompile Include="E:\mysql\mysql-5.7.33\sql\sql_show_status.cc">
      <Filter>Source Files</Filter>
    </ClCompile>
    <ClCompile Include="E:\mysql\mysql-5.7.33\sql\sql_signal.cc">
      <Filter>Source Files</Filter>
    </ClCompile>
    <ClCompile Include="E:\mysql\mysql-5.7.33\sql\sql_state.c">
      <Filter>Source Files</Filter>
    </ClCompile>
    <ClCompile Include="E:\mysql\mysql-5.7.33\sql\sql_table.cc">
      <Filter>Source Files</Filter>
    </ClCompile>
    <ClCompile Include="E:\mysql\mysql-5.7.33\sql\sql_tablespace.cc">
      <Filter>Source Files</Filter>
    </ClCompile>
    <ClCompile Include="E:\mysql\mysql-5.7.33\sql\sql_test.cc">
      <Filter>Source Files</Filter>
    </ClCompile>
    <ClCompile Include="E:\mysql\mysql-5.7.33\sql\sql_thd_internal_api.cc">
      <Filter>Source Files</Filter>
    </ClCompile>
    <ClCompile Include="E:\mysql\mysql-5.7.33\sql\sql_time.cc">
      <Filter>Source Files</Filter>
    </ClCompile>
    <ClCompile Include="E:\mysql\mysql-5.7.33\sql\sql_timer.cc">
      <Filter>Source Files</Filter>
    </ClCompile>
    <ClCompile Include="E:\mysql\mysql-5.7.33\sql\sql_tmp_table.cc">
      <Filter>Source Files</Filter>
    </ClCompile>
    <ClCompile Include="E:\mysql\mysql-5.7.33\sql\sql_trigger.cc">
      <Filter>Source Files</Filter>
    </ClCompile>
    <ClCompile Include="E:\mysql\mysql-5.7.33\sql\sql_truncate.cc">
      <Filter>Source Files</Filter>
    </ClCompile>
    <ClCompile Include="E:\mysql\mysql-5.7.33\sql\sql_udf.cc">
      <Filter>Source Files</Filter>
    </ClCompile>
    <ClCompile Include="E:\mysql\mysql-5.7.33\sql\sql_union.cc">
      <Filter>Source Files</Filter>
    </ClCompile>
    <ClCompile Include="E:\mysql\mysql-5.7.33\sql\sql_update.cc">
      <Filter>Source Files</Filter>
    </ClCompile>
    <ClCompile Include="E:\mysql\mysql-5.7.33\sql\sql_view.cc">
      <Filter>Source Files</Filter>
    </ClCompile>
    <ClCompile Include="E:\mysql\mysql-5.7.33\sql\strfunc.cc">
      <Filter>Source Files</Filter>
    </ClCompile>
    <ClCompile Include="E:\mysql\mysql-5.7.33\sql\sys_vars.cc">
      <Filter>Source Files</Filter>
    </ClCompile>
    <ClCompile Include="E:\mysql\mysql-5.7.33\sql\sys_vars_resource_mgr.cc">
      <Filter>Source Files</Filter>
    </ClCompile>
    <ClCompile Include="E:\mysql\mysql-5.7.33\sql\table.cc">
      <Filter>Source Files</Filter>
    </ClCompile>
    <ClCompile Include="E:\mysql\mysql-5.7.33\sql\table_cache.cc">
      <Filter>Source Files</Filter>
    </ClCompile>
    <ClCompile Include="E:\mysql\mysql-5.7.33\sql\table_trigger_dispatcher.cc">
      <Filter>Source Files</Filter>
    </ClCompile>
    <ClCompile Include="E:\mysql\mysql-5.7.33\sql\tc_log.cc">
      <Filter>Source Files</Filter>
    </ClCompile>
    <ClCompile Include="E:\mysql\mysql-5.7.33\sql\thr_malloc.cc">
      <Filter>Source Files</Filter>
    </ClCompile>
    <ClCompile Include="E:\mysql\mysql-5.7.33\sql\transaction.cc">
      <Filter>Source Files</Filter>
    </ClCompile>
    <ClCompile Include="E:\mysql\mysql-5.7.33\sql\transaction_info.cc">
      <Filter>Source Files</Filter>
    </ClCompile>
    <ClCompile Include="E:\mysql\mysql-5.7.33\sql\trigger.cc">
      <Filter>Source Files</Filter>
    </ClCompile>
    <ClCompile Include="E:\mysql\mysql-5.7.33\sql\trigger_creation_ctx.cc">
      <Filter>Source Files</Filter>
    </ClCompile>
    <ClCompile Include="E:\mysql\mysql-5.7.33\sql\trigger_loader.cc">
      <Filter>Source Files</Filter>
    </ClCompile>
    <ClCompile Include="E:\mysql\mysql-5.7.33\sql\trigger_chain.cc">
      <Filter>Source Files</Filter>
    </ClCompile>
    <ClCompile Include="E:\mysql\mysql-5.7.33\sql\tztime.cc">
      <Filter>Source Files</Filter>
    </ClCompile>
    <ClCompile Include="E:\mysql\mysql-5.7.33\sql\uniques.cc">
      <Filter>Source Files</Filter>
    </ClCompile>
    <ClCompile Include="E:\mysql\mysql-5.7.33\sql\unireg.cc">
      <Filter>Source Files</Filter>
    </ClCompile>
    <ClCompile Include="E:\mysql\mysql-5.7.33\sql\xa.cc">
      <Filter>Source Files</Filter>
    </ClCompile>
    <ClCompile Include="E:\mysql\mysql-5.7.33\extra\lz4\xxhash.c">
      <Filter>Source Files</Filter>
    </ClCompile>
    <ClCompile Include="E:\mysql\mysql-5.7.33\libmysql\errmsg.c">
      <Filter>Source Files</Filter>
    </ClCompile>
    <ClCompile Include="E:\mysql\mysql-5.7.33\sql-common\client.c">
      <Filter>Source Files</Filter>
    </ClCompile>
    <ClCompile Include="E:\mysql\mysql-5.7.33\sql-common\client_plugin.c">
      <Filter>Source Files</Filter>
    </ClCompile>
    <ClCompile Include="E:\mysql\mysql-5.7.33\sql-common\get_password.c">
      <Filter>Source Files</Filter>
    </ClCompile>
    <ClCompile Include="E:\mysql\mysql-5.7.33\sql-common\my_path_permissions.cc">
      <Filter>Source Files</Filter>
    </ClCompile>
    <ClCompile Include="E:\mysql\mysql-5.7.33\sql-common\my_time.c">
      <Filter>Source Files</Filter>
    </ClCompile>
    <ClCompile Include="E:\mysql\mysql-5.7.33\sql-common\my_user.c">
      <Filter>Source Files</Filter>
    </ClCompile>
    <ClCompile Include="E:\mysql\mysql-5.7.33\sql-common\pack.c">
      <Filter>Source Files</Filter>
    </ClCompile>
    <ClCompile Include="E:\mysql\mysql-5.7.33\sql-common\client_authentication.cc">
      <Filter>Source Files</Filter>
    </ClCompile>
    <ClCompile Include="E:\mysql\mysql-5.7.33\sql-common\sql_string.cc">
      <Filter>Source Files</Filter>
    </ClCompile>
    <ClCompile Include="E:\mysql\mysql-5.7.33\sql\command_service.cc">
      <Filter>Source Files</Filter>
    </ClCompile>
    <ClCompile Include="E:\mysql\mysql-5.7.33\sql\conn_handler\channel_info.cc">
      <Filter>Source Files</Filter>
    </ClCompile>
    <ClCompile Include="E:\mysql\mysql-5.7.33\sql\conn_handler\connection_handler_per_thread.cc">
      <Filter>Source Files</Filter>
    </ClCompile>
    <ClCompile Include="E:\mysql\mysql-5.7.33\sql\conn_handler\connection_handler_one_thread.cc">
      <Filter>Source Files</Filter>
    </ClCompile>
    <ClCompile Include="E:\mysql\mysql-5.7.33\sql\conn_handler\socket_connection.cc">
      <Filter>Source Files</Filter>
    </ClCompile>
    <ClCompile Include="E:\mysql\mysql-5.7.33\sql\des_key_file.cc">
      <Filter>Source Files</Filter>
    </ClCompile>
    <ClCompile Include="E:\mysql\mysql-5.7.33\sql\event_data_objects.cc">
      <Filter>Source Files</Filter>
    </ClCompile>
    <ClCompile Include="E:\mysql\mysql-5.7.33\sql\event_db_repository.cc">
      <Filter>Source Files</Filter>
    </ClCompile>
    <ClCompile Include="E:\mysql\mysql-5.7.33\sql\event_parse_data.cc">
      <Filter>Source Files</Filter>
    </ClCompile>
    <ClCompile Include="E:\mysql\mysql-5.7.33\sql\event_queue.cc">
      <Filter>Source Files</Filter>
    </ClCompile>
    <ClCompile Include="E:\mysql\mysql-5.7.33\sql\event_scheduler.cc">
      <Filter>Source Files</Filter>
    </ClCompile>
    <ClCompile Include="E:\mysql\mysql-5.7.33\sql\events.cc">
      <Filter>Source Files</Filter>
    </ClCompile>
    <ClCompile Include="E:\mysql\mysql-5.7.33\sql\mf_iocache.cc">
      <Filter>Source Files</Filter>
    </ClCompile>
    <ClCompile Include="E:\mysql\mysql-5.7.33\sql\mysqld.cc">
      <Filter>Source Files</Filter>
    </ClCompile>
    <ClCompile Include="E:\mysql\mysql-5.7.33\sql\mysqld_thd_manager.cc">
      <Filter>Source Files</Filter>
    </ClCompile>
    <ClCompile Include="E:\mysql\mysql-5.7.33\sql\protocol_callback.cc">
      <Filter>Source Files</Filter>
    </ClCompile>
    <ClCompile Include="E:\mysql\mysql-5.7.33\sql\signal_handler.cc">
      <Filter>Source Files</Filter>
    </ClCompile>
    <ClCompile Include="E:\mysql\mysql-5.7.33\sql\sql_audit.cc">
      <Filter>Source Files</Filter>
    </ClCompile>
    <ClCompile Include="E:\mysql\mysql-5.7.33\sql\sql_client.cc">
      <Filter>Source Files</Filter>
    </ClCompile>
    <ClCompile Include="E:\mysql\mysql-5.7.33\sql\srv_session.cc">
      <Filter>Source Files</Filter>
    </ClCompile>
    <ClCompile Include="E:\mysql\mysql-5.7.33\sql\srv_session_info_service.cc">
      <Filter>Source Files</Filter>
    </ClCompile>
    <ClCompile Include="E:\mysql\mysql-5.7.33\sql\srv_session_service.cc">
      <Filter>Source Files</Filter>
    </ClCompile>
    <ClCompile Include="E:\mysql\mysql-5.7.33\sql\auth\sha2_password_common.cc">
      <Filter>Source Files</Filter>
    </ClCompile>
    <ClCompile Include="E:\mysql\mysql-5.7.33\sql\named_pipe.cc">
      <Filter>Source Files</Filter>
    </ClCompile>
    <ClCompile Include="E:\mysql\mysql-5.7.33\sql\conn_handler\named_pipe_connection.cc">
      <Filter>Source Files</Filter>
    </ClCompile>
    <ClCompile Include="E:\mysql\mysql-5.7.33\sql\conn_handler\shared_memory_connection.cc">
      <Filter>Source Files</Filter>
    </ClCompile>
  </ItemGroup>
  <ItemGroup>
    <ClInclude Include="E:\mysql\win\sql\sql_yacc.h">
      <Filter>Header Files</Filter>
    </ClInclude>
    <ClInclude Include="E:\mysql\win\sql\sql_hints.yy.h">
      <Filter>Header Files</Filter>
    </ClInclude>
    <ClInclude Include="E:\mysql\win\sql\lex_hash.h">
      <Filter>Header Files</Filter>
    </ClInclude>
    <ClInclude Include="E:\mysql\win\sql\lex_token.h">
      <Filter>Header Files</Filter>
    </ClInclude>
  </ItemGroup>
  <ItemGroup>
    <CustomBuild Include="E:\mysql\mysql-5.7.33\sql\CMakeLists.txt" />
  </ItemGroup>
  <ItemGroup>
    <Filter Include="CMake Rules">
      <UniqueIdentifier>{02E1C3A9-D35B-39DD-A407-43464815AC39}</UniqueIdentifier>
    </Filter>
    <Filter Include="Header Files">
      <UniqueIdentifier>{57064165-2846-3BB7-AA45-31F28D087BA2}</UniqueIdentifier>
    </Filter>
    <Filter Include="Source Files">
      <UniqueIdentifier>{DBC9E969-B080-3702-8F2F-24E894CA22A5}</UniqueIdentifier>
    </Filter>
  </ItemGroup>
</Project>
