<?xml version="1.0" encoding="utf-8"?>
<Project ToolsVersion="16.0" xmlns="http://schemas.microsoft.com/developer/msbuild/2003">
  <ItemGroup>
    <ClCompile Include="E:\mysql\mysql-5.7.33\extra\protobuf\protobuf-2.6.1\src\google\protobuf\stubs\strutil.cc">
      <Filter>Source Files</Filter>
    </ClCompile>
    <ClCompile Include="E:\mysql\mysql-5.7.33\extra\protobuf\protobuf-2.6.1\src\google\protobuf\stubs\substitute.cc">
      <Filter>Source Files</Filter>
    </ClCompile>
    <ClCompile Include="E:\mysql\mysql-5.7.33\extra\protobuf\protobuf-2.6.1\src\google\protobuf\stubs\structurally_valid.cc">
      <Filter>Source Files</Filter>
    </ClCompile>
    <ClCompile Include="E:\mysql\mysql-5.7.33\extra\protobuf\protobuf-2.6.1\src\google\protobuf\descriptor.cc">
      <Filter>Source Files</Filter>
    </ClCompile>
    <ClCompile Include="E:\mysql\mysql-5.7.33\extra\protobuf\protobuf-2.6.1\src\google\protobuf\descriptor.pb.cc">
      <Filter>Source Files</Filter>
    </ClCompile>
    <ClCompile Include="E:\mysql\mysql-5.7.33\extra\protobuf\protobuf-2.6.1\src\google\protobuf\descriptor_database.cc">
      <Filter>Source Files</Filter>
    </ClCompile>
    <ClCompile Include="E:\mysql\mysql-5.7.33\extra\protobuf\protobuf-2.6.1\src\google\protobuf\dynamic_message.cc">
      <Filter>Source Files</Filter>
    </ClCompile>
    <ClCompile Include="E:\mysql\mysql-5.7.33\extra\protobuf\protobuf-2.6.1\src\google\protobuf\extension_set_heavy.cc">
      <Filter>Source Files</Filter>
    </ClCompile>
    <ClCompile Include="E:\mysql\mysql-5.7.33\extra\protobuf\protobuf-2.6.1\src\google\protobuf\generated_message_reflection.cc">
      <Filter>Source Files</Filter>
    </ClCompile>
    <ClCompile Include="E:\mysql\mysql-5.7.33\extra\protobuf\protobuf-2.6.1\src\google\protobuf\message.cc">
      <Filter>Source Files</Filter>
    </ClCompile>
    <ClCompile Include="E:\mysql\mysql-5.7.33\extra\protobuf\protobuf-2.6.1\src\google\protobuf\reflection_ops.cc">
      <Filter>Source Files</Filter>
    </ClCompile>
    <ClCompile Include="E:\mysql\mysql-5.7.33\extra\protobuf\protobuf-2.6.1\src\google\protobuf\service.cc">
      <Filter>Source Files</Filter>
    </ClCompile>
    <ClCompile Include="E:\mysql\mysql-5.7.33\extra\protobuf\protobuf-2.6.1\src\google\protobuf\text_format.cc">
      <Filter>Source Files</Filter>
    </ClCompile>
    <ClCompile Include="E:\mysql\mysql-5.7.33\extra\protobuf\protobuf-2.6.1\src\google\protobuf\unknown_field_set.cc">
      <Filter>Source Files</Filter>
    </ClCompile>
    <ClCompile Include="E:\mysql\mysql-5.7.33\extra\protobuf\protobuf-2.6.1\src\google\protobuf\wire_format.cc">
      <Filter>Source Files</Filter>
    </ClCompile>
    <ClCompile Include="E:\mysql\mysql-5.7.33\extra\protobuf\protobuf-2.6.1\src\google\protobuf\io\gzip_stream.cc">
      <Filter>Source Files</Filter>
    </ClCompile>
    <ClCompile Include="E:\mysql\mysql-5.7.33\extra\protobuf\protobuf-2.6.1\src\google\protobuf\io\printer.cc">
      <Filter>Source Files</Filter>
    </ClCompile>
    <ClCompile Include="E:\mysql\mysql-5.7.33\extra\protobuf\protobuf-2.6.1\src\google\protobuf\io\strtod.cc">
      <Filter>Source Files</Filter>
    </ClCompile>
    <ClCompile Include="E:\mysql\mysql-5.7.33\extra\protobuf\protobuf-2.6.1\src\google\protobuf\io\tokenizer.cc">
      <Filter>Source Files</Filter>
    </ClCompile>
    <ClCompile Include="E:\mysql\mysql-5.7.33\extra\protobuf\protobuf-2.6.1\src\google\protobuf\io\zero_copy_stream_impl.cc">
      <Filter>Source Files</Filter>
    </ClCompile>
    <ClCompile Include="E:\mysql\mysql-5.7.33\extra\protobuf\protobuf-2.6.1\src\google\protobuf\compiler\importer.cc">
      <Filter>Source Files</Filter>
    </ClCompile>
    <ClCompile Include="E:\mysql\mysql-5.7.33\extra\protobuf\protobuf-2.6.1\src\google\protobuf\compiler\parser.cc">
      <Filter>Source Files</Filter>
    </ClCompile>
    <ClCompile Include="E:\mysql\mysql-5.7.33\extra\protobuf\protobuf-2.6.1\src\google\protobuf\stubs\atomicops_internals_x86_gcc.cc">
      <Filter>Source Files</Filter>
    </ClCompile>
    <ClCompile Include="E:\mysql\mysql-5.7.33\extra\protobuf\protobuf-2.6.1\src\google\protobuf\stubs\atomicops_internals_x86_msvc.cc">
      <Filter>Source Files</Filter>
    </ClCompile>
    <ClCompile Include="E:\mysql\mysql-5.7.33\extra\protobuf\protobuf-2.6.1\src\google\protobuf\stubs\common.cc">
      <Filter>Source Files</Filter>
    </ClCompile>
    <ClCompile Include="E:\mysql\mysql-5.7.33\extra\protobuf\protobuf-2.6.1\src\google\protobuf\stubs\once.cc">
      <Filter>Source Files</Filter>
    </ClCompile>
    <ClCompile Include="E:\mysql\mysql-5.7.33\extra\protobuf\protobuf-2.6.1\src\google\protobuf\stubs\stringprintf.cc">
      <Filter>Source Files</Filter>
    </ClCompile>
    <ClCompile Include="E:\mysql\mysql-5.7.33\extra\protobuf\protobuf-2.6.1\src\google\protobuf\extension_set.cc">
      <Filter>Source Files</Filter>
    </ClCompile>
    <ClCompile Include="E:\mysql\mysql-5.7.33\extra\protobuf\protobuf-2.6.1\src\google\protobuf\generated_message_util.cc">
      <Filter>Source Files</Filter>
    </ClCompile>
    <ClCompile Include="E:\mysql\mysql-5.7.33\extra\protobuf\protobuf-2.6.1\src\google\protobuf\message_lite.cc">
      <Filter>Source Files</Filter>
    </ClCompile>
    <ClCompile Include="E:\mysql\mysql-5.7.33\extra\protobuf\protobuf-2.6.1\src\google\protobuf\repeated_field.cc">
      <Filter>Source Files</Filter>
    </ClCompile>
    <ClCompile Include="E:\mysql\mysql-5.7.33\extra\protobuf\protobuf-2.6.1\src\google\protobuf\wire_format_lite.cc">
      <Filter>Source Files</Filter>
    </ClCompile>
    <ClCompile Include="E:\mysql\mysql-5.7.33\extra\protobuf\protobuf-2.6.1\src\google\protobuf\io\coded_stream.cc">
      <Filter>Source Files</Filter>
    </ClCompile>
    <ClCompile Include="E:\mysql\mysql-5.7.33\extra\protobuf\protobuf-2.6.1\src\google\protobuf\io\zero_copy_stream.cc">
      <Filter>Source Files</Filter>
    </ClCompile>
    <ClCompile Include="E:\mysql\mysql-5.7.33\extra\protobuf\protobuf-2.6.1\src\google\protobuf\io\zero_copy_stream_impl_lite.cc">
      <Filter>Source Files</Filter>
    </ClCompile>
  </ItemGroup>
  <ItemGroup>
    <ClInclude Include="E:\mysql\mysql-5.7.33\extra\protobuf\protobuf-2.6.1\src\google\protobuf\stubs\strutil.h">
      <Filter>Header Files</Filter>
    </ClInclude>
    <ClInclude Include="E:\mysql\mysql-5.7.33\extra\protobuf\protobuf-2.6.1\src\google\protobuf\stubs\substitute.h">
      <Filter>Header Files</Filter>
    </ClInclude>
    <ClInclude Include="E:\mysql\mysql-5.7.33\extra\protobuf\protobuf-2.6.1\src\google\protobuf\stubs\hash.h">
      <Filter>Header Files</Filter>
    </ClInclude>
    <ClInclude Include="E:\mysql\mysql-5.7.33\extra\protobuf\protobuf-2.6.1\src\google\protobuf\stubs\map_util.h">
      <Filter>Header Files</Filter>
    </ClInclude>
    <ClInclude Include="E:\mysql\mysql-5.7.33\extra\protobuf\protobuf-2.6.1\src\google\protobuf\stubs\shared_ptr.h">
      <Filter>Header Files</Filter>
    </ClInclude>
    <ClInclude Include="E:\mysql\mysql-5.7.33\extra\protobuf\protobuf-2.6.1\src\google\protobuf\stubs\stringprintf.h">
      <Filter>Header Files</Filter>
    </ClInclude>
    <ClInclude Include="E:\mysql\mysql-5.7.33\extra\protobuf\protobuf-2.6.1\src\google\protobuf\io\coded_stream_inl.h">
      <Filter>Header Files</Filter>
    </ClInclude>
  </ItemGroup>
  <ItemGroup>
    <CustomBuild Include="E:\mysql\mysql-5.7.33\extra\protobuf\CMakeLists.txt" />
  </ItemGroup>
  <ItemGroup>
    <Filter Include="Header Files">
      <UniqueIdentifier>{57064165-2846-3BB7-AA45-31F28D087BA2}</UniqueIdentifier>
    </Filter>
    <Filter Include="Source Files">
      <UniqueIdentifier>{DBC9E969-B080-3702-8F2F-24E894CA22A5}</UniqueIdentifier>
    </Filter>
  </ItemGroup>
</Project>
